
Microsoft Visual Studio Solution File, Format Version 12.00
# Visual Studio Version 16
VisualStudioVersion = 16.0.30128.74
MinimumVisualStudioVersion = 10.0.40219.1
Project("{FAE04EC0-301F-11D3-BF4B-00C04F79EFBC}") = "Stock_analysis", "Stock_analysis\Stock_analysis.csproj", "{0C26600C-24F0-48C8-9E82-CA47A6ABB4CE}"
EndProject
Global
	GlobalSection(SolutionConfigurationPlatforms) = preSolution
		Debug|Any CPU = Debug|Any CPU
		Release|Any CPU = Release|Any CPU
	EndGlobalSection
	GlobalSection(ProjectConfigurationPlatforms) = postSolution
		{0C26600C-24F0-48C8-9E82-CA47A6ABB4CE}.Debug|Any CPU.ActiveCfg = Debug|Any CPU
		{0C26600C-24F0-48C8-9E82-CA47A6ABB4CE}.Debug|Any CPU.Build.0 = Debug|Any CPU
		{0C26600C-24F0-48C8-9E82-CA47A6ABB4CE}.Release|Any CPU.ActiveCfg = Release|Any CPU
		{0C26600C-24F0-48C8-9E82-CA47A6ABB4CE}.Release|Any CPU.Build.0 = Release|Any CPU
	EndGlobalSection
	GlobalSection(SolutionProperties) = preSolution
		HideSolutionNode = FALSE
	EndGlobalSection
	GlobalSection(ExtensibilityGlobals) = postSolution
		SolutionGuid = {4CE4A92D-A458-47A3-9078-19065C6FB67D}
	EndGlobalSection
EndGlobal
